
Microsoft Visual Studio Solution File, Format Version 12.00
# Visual Studio 2012
Project("{F184B08F-C81C-45F6-A57F-5ABD9991F28F}") = "Lurn-WinForms", "Lurn-WinForms\Lurn-WinForms.vbproj", "{3DB77DF8-B8C6-4D2D-9DBD-F5431CC4BAFB}"
EndProject
Global
	GlobalSection(SolutionConfigurationPlatforms) = preSolution
		Debug|Any CPU = Debug|Any CPU
		Release|Any CPU = Release|Any CPU
	EndGlobalSection
	GlobalSection(ProjectConfigurationPlatforms) = postSolution
		{3DB77DF8-B8C6-4D2D-9DBD-F5431CC4BAFB}.Debug|Any CPU.ActiveCfg = Debug|Any CPU
		{3DB77DF8-B8C6-4D2D-9DBD-F5431CC4BAFB}.Debug|Any CPU.Build.0 = Debug|Any CPU
		{3DB77DF8-B8C6-4D2D-9DBD-F5431CC4BAFB}.Release|Any CPU.ActiveCfg = Release|Any CPU
		{3DB77DF8-B8C6-4D2D-9DBD-F5431CC4BAFB}.Release|Any CPU.Build.0 = Release|Any CPU
	EndGlobalSection
	GlobalSection(SolutionProperties) = preSolution
		HideSolutionNode = FALSE
	EndGlobalSection
EndGlobal
